
Microsoft Visual Studio Solution File, Format Version 12.00
# Visual Studio Version 17
VisualStudioVersion = 17.1.32421.90
MinimumVisualStudioVersion = 10.0.40219.1
Project("{9A19103F-16F7-4668-BE54-9A1E7A4F7556}") = "UnimedSiteLinksAPI", "UnimedSiteLinksAPI\UnimedSiteLinksAPI.csproj", "{CF811DD8-A787-429A-9ACB-5706821AD80F}"
	ProjectSection(ProjectDependencies) = postProject
		{8369EE4F-9FE7-4424-A54B-53153A763D7F} = {8369EE4F-9FE7-4424-A54B-53153A763D7F}
	EndProjectSection
EndProject
Project("{9A19103F-16F7-4668-BE54-9A1E7A4F7556}") = "UnimedLinksWEB", "UnimedLinksWEB\UnimedLinksWEB.csproj", "{11BCBF5B-93EF-45F0-8574-49F20F1EDA30}"
	ProjectSection(ProjectDependencies) = postProject
		{8369EE4F-9FE7-4424-A54B-53153A763D7F} = {8369EE4F-9FE7-4424-A54B-53153A763D7F}
	EndProjectSection
EndProject
Project("{9A19103F-16F7-4668-BE54-9A1E7A4F7556}") = "UnimedLinksModels", "SiteModels\UnimedLinksModels.csproj", "{8369EE4F-9FE7-4424-A54B-53153A763D7F}"
EndProject
Global
	GlobalSection(SolutionConfigurationPlatforms) = preSolution
		Debug|Any CPU = Debug|Any CPU
		Release|Any CPU = Release|Any CPU
	EndGlobalSection
	GlobalSection(ProjectConfigurationPlatforms) = postSolution
		{CF811DD8-A787-429A-9ACB-5706821AD80F}.Debug|Any CPU.ActiveCfg = Debug|Any CPU
		{CF811DD8-A787-429A-9ACB-5706821AD80F}.Debug|Any CPU.Build.0 = Debug|Any CPU
		{CF811DD8-A787-429A-9ACB-5706821AD80F}.Release|Any CPU.ActiveCfg = Release|Any CPU
		{CF811DD8-A787-429A-9ACB-5706821AD80F}.Release|Any CPU.Build.0 = Release|Any CPU
		{11BCBF5B-93EF-45F0-8574-49F20F1EDA30}.Debug|Any CPU.ActiveCfg = Debug|Any CPU
		{11BCBF5B-93EF-45F0-8574-49F20F1EDA30}.Debug|Any CPU.Build.0 = Debug|Any CPU
		{11BCBF5B-93EF-45F0-8574-49F20F1EDA30}.Release|Any CPU.ActiveCfg = Release|Any CPU
		{11BCBF5B-93EF-45F0-8574-49F20F1EDA30}.Release|Any CPU.Build.0 = Release|Any CPU
		{8369EE4F-9FE7-4424-A54B-53153A763D7F}.Debug|Any CPU.ActiveCfg = Debug|Any CPU
		{8369EE4F-9FE7-4424-A54B-53153A763D7F}.Debug|Any CPU.Build.0 = Debug|Any CPU
		{8369EE4F-9FE7-4424-A54B-53153A763D7F}.Release|Any CPU.ActiveCfg = Release|Any CPU
		{8369EE4F-9FE7-4424-A54B-53153A763D7F}.Release|Any CPU.Build.0 = Release|Any CPU
	EndGlobalSection
	GlobalSection(SolutionProperties) = preSolution
		HideSolutionNode = FALSE
	EndGlobalSection
	GlobalSection(ExtensibilityGlobals) = postSolution
		SolutionGuid = {268084CA-07EE-4A5A-8189-3B33D6BE3E8F}
	EndGlobalSection
EndGlobal
